# THIS IS AN AUTOGENERATED FILE. DO NOT EDIT THIS FILE DIRECTLY.
# yarn lockfile v1


"@rollup/plugin-node-resolve@^6.0.0":
  version "6.0.0"
  resolved "https://registry.npm.taobao.org/@rollup/plugin-node-resolve/download/@rollup/plugin-node-resolve-6.0.0.tgz#f351e29b45c007c17df4e28a0efd0d1f5662f59b"
  integrity sha1-81Him0XAB8F99OKKDv0NH1Zi9Zs=
  dependencies:
    "@rollup/pluginutils" "^3.0.0"
    "@types/resolve" "0.0.8"
    builtin-modules "^3.1.0"
    is-module "^1.0.0"
    resolve "^1.11.1"

"@rollup/plugin-typescript@^2.0.1":
  version "2.0.1"
  resolved "https://registry.npm.taobao.org/@rollup/plugin-typescript/download/@rollup/plugin-typescript-2.0.1.tgz#3f0c2801abd0173edb59b4bb280e7c8c47a25468"
  integrity sha1-PwwoAavQFz7bWbS7KA58jEeiVGg=
  dependencies:
    "@rollup/pluginutils" "^3.0.0"
    resolve "^1.12.2"

"@rollup/pluginutils@^3.0.0":
  version "3.0.0"
  resolved "https://registry.npm.taobao.org/@rollup/pluginutils/download/@rollup/pluginutils-3.0.0.tgz#9978c9d4cd5d6908755362336f699633a3cee343"
  integrity sha1-mXjJ1M1daQh1U2Izb2mWM6PO40M=
  dependencies:
    estree-walker "^0.6.1"

"@types/estree@*":
  version "0.0.40"
  resolved "https://registry.npm.taobao.org/@types/estree/download/@types/estree-0.0.40.tgz?cache=0&sync_timestamp=1574811393605&other_urls=https%3A%2F%2Fregistry.npm.taobao.org%2F%40types%2Festree%2Fdownload%2F%40types%2Festree-0.0.40.tgz#0e6cb9b9bbd098031fa19e4b4e8131bc70e5de13"
  integrity sha1-Dmy5ubvQmAMfoZ5LToExvHDl3hM=

"@types/node@*":
  version "11.13.4"
  resolved "http://registry.npm.taobao.org/@types/node/download/@types/node-11.13.4.tgz#f83ec3c3e05b174b7241fadeb6688267fe5b22ca"
  integrity sha1-+D7Dw+BbF0tyQfretmiCZ/5bIso=

"@types/prop-types@*":
  version "15.7.3"
  resolved "https://registry.npm.taobao.org/@types/prop-types/download/@types/prop-types-15.7.3.tgz#2ab0d5da2e5815f94b0b9d4b95d1e5f243ab2ca7"
  integrity sha1-KrDV2i5YFflLC51LldHl8kOrLKc=

"@types/react@^16.9.16":
  version "16.9.16"
  resolved "https://registry.npm.taobao.org/@types/react/download/@types/react-16.9.16.tgz#4f12515707148b1f53a8eaa4341dae5dfefb066d"
  integrity sha1-TxJRVwcUix9TqOqkNB2uXf77Bm0=
  dependencies:
    "@types/prop-types" "*"
    csstype "^2.2.0"

"@types/resolve@0.0.8":
  version "0.0.8"
  resolved "https://registry.npm.taobao.org/@types/resolve/download/@types/resolve-0.0.8.tgz#f26074d238e02659e323ce1a13d041eee280e194"
  integrity sha1-8mB00jjgJlnjI84aE9BB7uKA4ZQ=
  dependencies:
    "@types/node" "*"

acorn@^7.1.0:
  version "7.1.0"
  resolved "https://registry.npm.taobao.org/acorn/download/acorn-7.1.0.tgz?cache=0&sync_timestamp=1574807785634&other_urls=https%3A%2F%2Fregistry.npm.taobao.org%2Facorn%2Fdownload%2Facorn-7.1.0.tgz#949d36f2c292535da602283586c2477c57eb2d6c"
  integrity sha1-lJ028sKSU12mAig1hsJHfFfrLWw=

builtin-modules@^3.1.0:
  version "3.1.0"
  resolved "https://registry.npm.taobao.org/builtin-modules/download/builtin-modules-3.1.0.tgz#aad97c15131eb76b65b50ef208e7584cd76a7484"
  integrity sha1-qtl8FRMet2tltQ7yCOdYTNdqdIQ=

csstype@^2.2.0:
  version "2.6.7"
  resolved "https://registry.npm.taobao.org/csstype/download/csstype-2.6.7.tgz#20b0024c20b6718f4eda3853a1f5a1cce7f5e4a5"
  integrity sha1-ILACTCC2cY9O2jhTofWhzOf15KU=

estree-walker@^0.6.1:
  version "0.6.1"
  resolved "https://registry.npm.taobao.org/estree-walker/download/estree-walker-0.6.1.tgz#53049143f40c6eb918b23671d1fe3219f3a1b362"
  integrity sha1-UwSRQ/QMbrkYsjZx0f4yGfOhs2I=

is-module@^1.0.0:
  version "1.0.0"
  resolved "https://registry.npm.taobao.org/is-module/download/is-module-1.0.0.tgz#3258fb69f78c14d5b815d664336b4cffb6441591"
  integrity sha1-Mlj7afeMFNW4FdZkM2tM/7ZEFZE=

path-parse@^1.0.6:
  version "1.0.6"
  resolved "https://registry.npm.taobao.org/path-parse/download/path-parse-1.0.6.tgz#d62dbb5679405d72c4737ec58600e9ddcf06d24c"
  integrity sha1-1i27VnlAXXLEc37FhgDp3c8G0kw=

prettier@^1.19.1:
  version "1.19.1"
  resolved "https://registry.npm.taobao.org/prettier/download/prettier-1.19.1.tgz#f7d7f5ff8a9cd872a7be4ca142095956a60797cb"
  integrity sha1-99f1/4qc2HKnvkyhQglZVqYHl8s=

resolve@^1.11.1, resolve@^1.12.2:
  version "1.13.1"
  resolved "https://registry.npm.taobao.org/resolve/download/resolve-1.13.1.tgz?cache=0&sync_timestamp=1574810126637&other_urls=https%3A%2F%2Fregistry.npm.taobao.org%2Fresolve%2Fdownload%2Fresolve-1.13.1.tgz#be0aa4c06acd53083505abb35f4d66932ab35d16"
  integrity sha1-vgqkwGrNUwg1BauzX01mkyqzXRY=
  dependencies:
    path-parse "^1.0.6"

rollup@^1.27.12:
  version "1.27.12"
  resolved "https://registry.npm.taobao.org/rollup/download/rollup-1.27.12.tgz#cf84db4b4edaf187eaba95232f34de7cd4d22d9c"
  integrity sha1-z4TbS07a8YfqupUjLzTefNTSLZw=
  dependencies:
    "@types/estree" "*"
    "@types/node" "*"
    acorn "^7.1.0"

tslib@^1.10.0:
  version "1.10.0"
  resolved "https://registry.npm.taobao.org/tslib/download/tslib-1.10.0.tgz#c3c19f95973fb0a62973fb09d90d961ee43e5c8a"
  integrity sha1-w8GflZc/sKYpc/sJ2Q2WHuQ+XIo=

typescript@^3.7.3:
  version "3.7.3"
  resolved "https://registry.npm.taobao.org/typescript/download/typescript-3.7.3.tgz#b36840668a16458a7025b9eabfad11b66ab85c69"
  integrity sha1-s2hAZooWRYpwJbnqv60Rtmq4XGk=
